<?xml version="1.0" encoding="utf-8"?>
<Project ToolsVersion="4.0" xmlns="http://schemas.microsoft.com/developer/msbuild/2003">
  <ItemGroup>
    <Filter Include="Tokenizer">
      <UniqueIdentifier>{0dc0678c-a995-4957-a265-a2e505e83852}</UniqueIdentifier>
    </Filter>
    <Filter Include="Parser">
      <UniqueIdentifier>{c747226a-268b-4323-b5c5-b1141b6d4ea7}</UniqueIdentifier>
    </Filter>
    <Filter Include="utilities">
      <UniqueIdentifier>{960aa451-f7b3-4e6a-b2f3-3044a3c30a06}</UniqueIdentifier>
    </Filter>
    <Filter Include="Statement">
      <UniqueIdentifier>{d472c041-edf1-4071-8d56-bc34ab28ba6e}</UniqueIdentifier>
    </Filter>
  </ItemGroup>
  <ItemGroup>
    <ClInclude Include="Token.h">
      <Filter>Tokenizer</Filter>
    </ClInclude>
    <ClInclude Include="MemoryPool.h">
      <Filter>utilities</Filter>
    </ClInclude>
    <ClInclude Include="Scanner.h">
      <Filter>Tokenizer</Filter>
    </ClInclude>
    <ClInclude Include="Parser.h">
      <Filter>Parser</Filter>
    </ClInclude>
    <ClInclude Include="Error.h">
      <Filter>utilities</Filter>
    </ClInclude>
    <ClInclude Include="AST.h">
      <Filter>Statement</Filter>
    </ClInclude>
    <ClInclude Include="Type.h">
      <Filter>utilities</Filter>
    </ClInclude>
  </ItemGroup>
  <ItemGroup>
    <Text Include="ReadMe.md" />
  </ItemGroup>
  <ItemGroup>
    <ClCompile Include="Token.cpp">
      <Filter>Tokenizer</Filter>
    </ClCompile>
    <ClCompile Include="Scanner.cpp">
      <Filter>Tokenizer</Filter>
    </ClCompile>
    <ClCompile Include="Parser.cpp">
      <Filter>Parser</Filter>
    </ClCompile>
    <ClCompile Include="Error.cpp">
      <Filter>utilities</Filter>
    </ClCompile>
  </ItemGroup>
</Project>